
Microsoft Visual Studio Solution File, Format Version 12.00
# Visual Studio Version 18
VisualStudioVersion = 18.2.11415.280 d18.0
MinimumVisualStudioVersion = 10.0.40219.1
Project("{FAE04EC0-301F-11D3-BF4B-00C04F79EFBC}") = "Library.BookService", "BookService\Library.BookService.csproj", "{8E0ECE8B-C72E-4579-8D5E-579D52942ED2}"
EndProject
Project("{FAE04EC0-301F-11D3-BF4B-00C04F79EFBC}") = "Library.AuthenticationService", "AuthenticationService\Library.AuthenticationService.csproj", "{C623D24D-9320-47D0-9D4C-95AA359DF589}"
EndProject
Project("{FAE04EC0-301F-11D3-BF4B-00C04F79EFBC}") = "Library.UserService", "UserService\Library.UserService.csproj", "{11F52A7E-FCAB-4A2B-9E64-22CD05339034}"
EndProject
Project("{FAE04EC0-301F-11D3-BF4B-00C04F79EFBC}") = "Library.Logging.NLog", "Library.Logging.NLog\Library.Logging.NLog.csproj", "{7BA84953-507C-422E-9D02-F1CAC5249EB4}"
EndProject
Project("{FAE04EC0-301F-11D3-BF4B-00C04F79EFBC}") = "Library.Logging.Abstractions", "Library.Logging.Abstractions\Library.Logging.Abstractions.csproj", "{EE045B25-C7B6-4785-BD5A-113F07A0D054}"
EndProject
Project("{2150E333-8FDC-42A3-9474-1A3956D46DE8}") = "LibraryClient", "LibraryClient", "{FFFD65EC-D773-4C5C-B955-36C8CC0919AE}"
	ProjectSection(SolutionItems) = preProject
		LibraryClient\.editorconfig = LibraryClient\.editorconfig
		LibraryClient\.gitignore = LibraryClient\.gitignore
		LibraryClient\angular.json = LibraryClient\angular.json
		LibraryClient\dockerfile = LibraryClient\dockerfile
		LibraryClient\nginx.conf = LibraryClient\nginx.conf
		LibraryClient\package-lock.json = LibraryClient\package-lock.json
		LibraryClient\package.json = LibraryClient\package.json
		LibraryClient\README.md = LibraryClient\README.md
		LibraryClient\server.ts = LibraryClient\server.ts
		LibraryClient\tsconfig.app.json = LibraryClient\tsconfig.app.json
		LibraryClient\tsconfig.json = LibraryClient\tsconfig.json
		LibraryClient\tsconfig.spec.json = LibraryClient\tsconfig.spec.json
	EndProjectSection
EndProject
Global
	GlobalSection(SolutionConfigurationPlatforms) = preSolution
		Debug|Any CPU = Debug|Any CPU
		Debug|x64 = Debug|x64
		Debug|x86 = Debug|x86
		Release|Any CPU = Release|Any CPU
		Release|x64 = Release|x64
		Release|x86 = Release|x86
	EndGlobalSection
	GlobalSection(ProjectConfigurationPlatforms) = postSolution
		{8E0ECE8B-C72E-4579-8D5E-579D52942ED2}.Debug|Any CPU.ActiveCfg = Debug|Any CPU
		{8E0ECE8B-C72E-4579-8D5E-579D52942ED2}.Debug|Any CPU.Build.0 = Debug|Any CPU
		{8E0ECE8B-C72E-4579-8D5E-579D52942ED2}.Debug|x64.ActiveCfg = Debug|Any CPU
		{8E0ECE8B-C72E-4579-8D5E-579D52942ED2}.Debug|x64.Build.0 = Debug|Any CPU
		{8E0ECE8B-C72E-4579-8D5E-579D52942ED2}.Debug|x86.ActiveCfg = Debug|Any CPU
		{8E0ECE8B-C72E-4579-8D5E-579D52942ED2}.Debug|x86.Build.0 = Debug|Any CPU
		{8E0ECE8B-C72E-4579-8D5E-579D52942ED2}.Release|Any CPU.ActiveCfg = Release|Any CPU
		{8E0ECE8B-C72E-4579-8D5E-579D52942ED2}.Release|Any CPU.Build.0 = Release|Any CPU
		{8E0ECE8B-C72E-4579-8D5E-579D52942ED2}.Release|x64.ActiveCfg = Release|Any CPU
		{8E0ECE8B-C72E-4579-8D5E-579D52942ED2}.Release|x64.Build.0 = Release|Any CPU
		{8E0ECE8B-C72E-4579-8D5E-579D52942ED2}.Release|x86.ActiveCfg = Release|Any CPU
		{8E0ECE8B-C72E-4579-8D5E-579D52942ED2}.Release|x86.Build.0 = Release|Any CPU
		{C623D24D-9320-47D0-9D4C-95AA359DF589}.Debug|Any CPU.ActiveCfg = Debug|Any CPU
		{C623D24D-9320-47D0-9D4C-95AA359DF589}.Debug|Any CPU.Build.0 = Debug|Any CPU
		{C623D24D-9320-47D0-9D4C-95AA359DF589}.Debug|x64.ActiveCfg = Debug|Any CPU
		{C623D24D-9320-47D0-9D4C-95AA359DF589}.Debug|x64.Build.0 = Debug|Any CPU
		{C623D24D-9320-47D0-9D4C-95AA359DF589}.Debug|x86.ActiveCfg = Debug|Any CPU
		{C623D24D-9320-47D0-9D4C-95AA359DF589}.Debug|x86.Build.0 = Debug|Any CPU
		{C623D24D-9320-47D0-9D4C-95AA359DF589}.Release|Any CPU.ActiveCfg = Release|Any CPU
		{C623D24D-9320-47D0-9D4C-95AA359DF589}.Release|Any CPU.Build.0 = Release|Any CPU
		{C623D24D-9320-47D0-9D4C-95AA359DF589}.Release|x64.ActiveCfg = Release|Any CPU
		{C623D24D-9320-47D0-9D4C-95AA359DF589}.Release|x64.Build.0 = Release|Any CPU
		{C623D24D-9320-47D0-9D4C-95AA359DF589}.Release|x86.ActiveCfg = Release|Any CPU
		{C623D24D-9320-47D0-9D4C-95AA359DF589}.Release|x86.Build.0 = Release|Any CPU
		{11F52A7E-FCAB-4A2B-9E64-22CD05339034}.Debug|Any CPU.ActiveCfg = Debug|Any CPU
		{11F52A7E-FCAB-4A2B-9E64-22CD05339034}.Debug|Any CPU.Build.0 = Debug|Any CPU
		{11F52A7E-FCAB-4A2B-9E64-22CD05339034}.Debug|x64.ActiveCfg = Debug|Any CPU
		{11F52A7E-FCAB-4A2B-9E64-22CD05339034}.Debug|x64.Build.0 = Debug|Any CPU
		{11F52A7E-FCAB-4A2B-9E64-22CD05339034}.Debug|x86.ActiveCfg = Debug|Any CPU
		{11F52A7E-FCAB-4A2B-9E64-22CD05339034}.Debug|x86.Build.0 = Debug|Any CPU
		{11F52A7E-FCAB-4A2B-9E64-22CD05339034}.Release|Any CPU.ActiveCfg = Release|Any CPU
		{11F52A7E-FCAB-4A2B-9E64-22CD05339034}.Release|Any CPU.Build.0 = Release|Any CPU
		{11F52A7E-FCAB-4A2B-9E64-22CD05339034}.Release|x64.ActiveCfg = Release|Any CPU
		{11F52A7E-FCAB-4A2B-9E64-22CD05339034}.Release|x64.Build.0 = Release|Any CPU
		{11F52A7E-FCAB-4A2B-9E64-22CD05339034}.Release|x86.ActiveCfg = Release|Any CPU
		{11F52A7E-FCAB-4A2B-9E64-22CD05339034}.Release|x86.Build.0 = Release|Any CPU
		{7BA84953-507C-422E-9D02-F1CAC5249EB4}.Debug|Any CPU.ActiveCfg = Debug|Any CPU
		{7BA84953-507C-422E-9D02-F1CAC5249EB4}.Debug|Any CPU.Build.0 = Debug|Any CPU
		{7BA84953-507C-422E-9D02-F1CAC5249EB4}.Debug|x64.ActiveCfg = Debug|Any CPU
		{7BA84953-507C-422E-9D02-F1CAC5249EB4}.Debug|x64.Build.0 = Debug|Any CPU
		{7BA84953-507C-422E-9D02-F1CAC5249EB4}.Debug|x86.ActiveCfg = Debug|Any CPU
		{7BA84953-507C-422E-9D02-F1CAC5249EB4}.Debug|x86.Build.0 = Debug|Any CPU
		{7BA84953-507C-422E-9D02-F1CAC5249EB4}.Release|Any CPU.ActiveCfg = Release|Any CPU
		{7BA84953-507C-422E-9D02-F1CAC5249EB4}.Release|Any CPU.Build.0 = Release|Any CPU
		{7BA84953-507C-422E-9D02-F1CAC5249EB4}.Release|x64.ActiveCfg = Release|Any CPU
		{7BA84953-507C-422E-9D02-F1CAC5249EB4}.Release|x64.Build.0 = Release|Any CPU
		{7BA84953-507C-422E-9D02-F1CAC5249EB4}.Release|x86.ActiveCfg = Release|Any CPU
		{7BA84953-507C-422E-9D02-F1CAC5249EB4}.Release|x86.Build.0 = Release|Any CPU
		{EE045B25-C7B6-4785-BD5A-113F07A0D054}.Debug|Any CPU.ActiveCfg = Debug|Any CPU
		{EE045B25-C7B6-4785-BD5A-113F07A0D054}.Debug|Any CPU.Build.0 = Debug|Any CPU
		{EE045B25-C7B6-4785-BD5A-113F07A0D054}.Debug|x64.ActiveCfg = Debug|Any CPU
		{EE045B25-C7B6-4785-BD5A-113F07A0D054}.Debug|x64.Build.0 = Debug|Any CPU
		{EE045B25-C7B6-4785-BD5A-113F07A0D054}.Debug|x86.ActiveCfg = Debug|Any CPU
		{EE045B25-C7B6-4785-BD5A-113F07A0D054}.Debug|x86.Build.0 = Debug|Any CPU
		{EE045B25-C7B6-4785-BD5A-113F07A0D054}.Release|Any CPU.ActiveCfg = Release|Any CPU
		{EE045B25-C7B6-4785-BD5A-113F07A0D054}.Release|Any CPU.Build.0 = Release|Any CPU
		{EE045B25-C7B6-4785-BD5A-113F07A0D054}.Release|x64.ActiveCfg = Release|Any CPU
		{EE045B25-C7B6-4785-BD5A-113F07A0D054}.Release|x64.Build.0 = Release|Any CPU
		{EE045B25-C7B6-4785-BD5A-113F07A0D054}.Release|x86.ActiveCfg = Release|Any CPU
		{EE045B25-C7B6-4785-BD5A-113F07A0D054}.Release|x86.Build.0 = Release|Any CPU
	EndGlobalSection
	GlobalSection(SolutionProperties) = preSolution
		HideSolutionNode = FALSE
	EndGlobalSection
	GlobalSection(ExtensibilityGlobals) = postSolution
		SolutionGuid = {1E1ADF68-FCDA-4768-870C-957DD0BB1ACD}
	EndGlobalSection
EndGlobal
